
Microsoft Visual Studio Solution File, Format Version 12.00
# Visual Studio 15
VisualStudioVersion = 15.0.27130.2027
MinimumVisualStudioVersion = 10.0.40219.1
Project("{FAE04EC0-301F-11D3-BF4B-00C04F79EFBC}") = "OpenLocationCode", "OpenLocationCode\OpenLocationCode.csproj", "{DCFCC377-718B-4A79-8FCD-7E7CD08B7151}"
EndProject
Project("{FAE04EC0-301F-11D3-BF4B-00C04F79EFBC}") = "Test", "Test\Test.csproj", "{A3D67A08-9C6E-4FE5-9742-4DE2EF3A021B}"
EndProject
Global
	GlobalSection(SolutionConfigurationPlatforms) = preSolution
		Debug|Any CPU = Debug|Any CPU
		Release|Any CPU = Release|Any CPU
	EndGlobalSection
	GlobalSection(ProjectConfigurationPlatforms) = postSolution
		{DCFCC377-718B-4A79-8FCD-7E7CD08B7151}.Debug|Any CPU.ActiveCfg = Debug|Any CPU
		{DCFCC377-718B-4A79-8FCD-7E7CD08B7151}.Debug|Any CPU.Build.0 = Debug|Any CPU
		{DCFCC377-718B-4A79-8FCD-7E7CD08B7151}.Release|Any CPU.ActiveCfg = Release|Any CPU
		{DCFCC377-718B-4A79-8FCD-7E7CD08B7151}.Release|Any CPU.Build.0 = Release|Any CPU
		{A3D67A08-9C6E-4FE5-9742-4DE2EF3A021B}.Debug|Any CPU.ActiveCfg = Debug|Any CPU
		{A3D67A08-9C6E-4FE5-9742-4DE2EF3A021B}.Debug|Any CPU.Build.0 = Debug|Any CPU
		{A3D67A08-9C6E-4FE5-9742-4DE2EF3A021B}.Release|Any CPU.ActiveCfg = Release|Any CPU
		{A3D67A08-9C6E-4FE5-9742-4DE2EF3A021B}.Release|Any CPU.Build.0 = Release|Any CPU
	EndGlobalSection
	GlobalSection(SolutionProperties) = preSolution
		HideSolutionNode = FALSE
	EndGlobalSection
	GlobalSection(ExtensibilityGlobals) = postSolution
		SolutionGuid = {356A4A04-1201-4AAB-8B3A-CF0AE2F326B3}
	EndGlobalSection
EndGlobal
